
Microsoft Visual Studio Solution File, Format Version 12.00
# Visual Studio Version 17
VisualStudioVersion = 17.3.32901.215
MinimumVisualStudioVersion = 10.0.40219.1
Project("{9A19103F-16F7-4668-BE54-9A1E7A4F7556}") = "Shared.Hosting", "src\Shared.Hosting\Shared.Hosting.csproj", "{D8F0D2A2-1888-4771-BE3A-3E7065101C1D}"
EndProject
Project("{FAE04EC0-301F-11D3-BF4B-00C04F79EFBC}") = "IdentityService", "src\IdentityService\IdentityService.csproj", "{F64731E2-50D1-4B80-BD50-08DF64A255A6}"
EndProject
Project("{FAE04EC0-301F-11D3-BF4B-00C04F79EFBC}") = "OrderService", "src\OrderService\OrderService.csproj", "{BAD75619-E832-468F-A391-D1A5893D8E16}"
EndProject
Project("{FAE04EC0-301F-11D3-BF4B-00C04F79EFBC}") = "YarpGateway", "src\YarpGateway\YarpGateway.csproj", "{5D79109F-64A5-446A-AF4D-B0007A37066F}"
EndProject
Global
	GlobalSection(SolutionConfigurationPlatforms) = preSolution
		Debug|Any CPU = Debug|Any CPU
		Release|Any CPU = Release|Any CPU
	EndGlobalSection
	GlobalSection(ProjectConfigurationPlatforms) = postSolution
		{D8F0D2A2-1888-4771-BE3A-3E7065101C1D}.Debug|Any CPU.ActiveCfg = Debug|Any CPU
		{D8F0D2A2-1888-4771-BE3A-3E7065101C1D}.Debug|Any CPU.Build.0 = Debug|Any CPU
		{D8F0D2A2-1888-4771-BE3A-3E7065101C1D}.Release|Any CPU.ActiveCfg = Release|Any CPU
		{D8F0D2A2-1888-4771-BE3A-3E7065101C1D}.Release|Any CPU.Build.0 = Release|Any CPU
		{F64731E2-50D1-4B80-BD50-08DF64A255A6}.Debug|Any CPU.ActiveCfg = Debug|Any CPU
		{F64731E2-50D1-4B80-BD50-08DF64A255A6}.Debug|Any CPU.Build.0 = Debug|Any CPU
		{F64731E2-50D1-4B80-BD50-08DF64A255A6}.Release|Any CPU.ActiveCfg = Release|Any CPU
		{F64731E2-50D1-4B80-BD50-08DF64A255A6}.Release|Any CPU.Build.0 = Release|Any CPU
		{BAD75619-E832-468F-A391-D1A5893D8E16}.Debug|Any CPU.ActiveCfg = Debug|Any CPU
		{BAD75619-E832-468F-A391-D1A5893D8E16}.Debug|Any CPU.Build.0 = Debug|Any CPU
		{BAD75619-E832-468F-A391-D1A5893D8E16}.Release|Any CPU.ActiveCfg = Release|Any CPU
		{BAD75619-E832-468F-A391-D1A5893D8E16}.Release|Any CPU.Build.0 = Release|Any CPU
		{5D79109F-64A5-446A-AF4D-B0007A37066F}.Debug|Any CPU.ActiveCfg = Debug|Any CPU
		{5D79109F-64A5-446A-AF4D-B0007A37066F}.Debug|Any CPU.Build.0 = Debug|Any CPU
		{5D79109F-64A5-446A-AF4D-B0007A37066F}.Release|Any CPU.ActiveCfg = Release|Any CPU
		{5D79109F-64A5-446A-AF4D-B0007A37066F}.Release|Any CPU.Build.0 = Release|Any CPU
	EndGlobalSection
	GlobalSection(SolutionProperties) = preSolution
		HideSolutionNode = FALSE
	EndGlobalSection
	GlobalSection(ExtensibilityGlobals) = postSolution
		SolutionGuid = {8D5A7780-95B1-4D36-A91B-B58F66849268}
	EndGlobalSection
EndGlobal
